{
  "version": 4,
  "terraform_version": "1.5.7",
  "serial": 5,
  "lineage": "1834b9fc-0c1b-eb1d-f468-613a896e6818",
  "outputs": {
    "bucket_name": {
      "value": "k8s-gitops-lab-demo-9fa8e9c4",
      "type": "string"
    }
  },
  "resources": [
    {
      "mode": "managed",
      "type": "aws_s3_bucket",
      "name": "my_bucket",
      "provider": "provider[\"registry.terraform.io/hashicorp/aws\"]",
      "instances": [
        {
          "schema_version": 0,
          "attributes": {
            "acceleration_status": "",
            "acl": null,
            "arn": "arn:aws:s3:::k8s-gitops-lab-demo-9fa8e9c4",
            "bucket": "k8s-gitops-lab-demo-9fa8e9c4",
            "bucket_domain_name": "k8s-gitops-lab-demo-9fa8e9c4.s3.amazonaws.com",
            "bucket_prefix": "",
            "bucket_regional_domain_name": "k8s-gitops-lab-demo-9fa8e9c4.s3.us-east-1.amazonaws.com",
            "cors_rule": [],
            "force_destroy": false,
            "grant": [
              {
                "id": "d4a18f8be5957b75f9b276b194f16f36ff7a2f99169ab039c5c9d6fce458d106",
                "permissions": [
                  "FULL_CONTROL"
                ],
                "type": "CanonicalUser",
                "uri": ""
              }
            ],
            "hosted_zone_id": "Z3AQBSTGFYJSTF",
            "id": "k8s-gitops-lab-demo-9fa8e9c4",
            "lifecycle_rule": [],
            "logging": [],
            "object_lock_configuration": [],
            "object_lock_enabled": false,
            "policy": "",
            "region": "us-east-1",
            "replication_configuration": [],
            "request_payer": "BucketOwner",
            "server_side_encryption_configuration": [
              {
                "rule": [
                  {
                    "apply_server_side_encryption_by_default": [
                      {
                        "kms_master_key_id": "",
                        "sse_algorithm": "AES256"
                      }
                    ],
                    "bucket_key_enabled": false
                  }
                ]
              }
            ],
            "tags": {
              "Environment": "learning",
              "ManagedBy": "terraform",
              "Name": "My First Terraform Bucket",
              "Project": "k8s-gitops-lab"
            },
            "tags_all": {
              "Environment": "learning",
              "ManagedBy": "terraform",
              "Name": "My First Terraform Bucket",
              "Project": "k8s-gitops-lab"
            },
            "timeouts": null,
            "versioning": [
              {
                "enabled": false,
                "mfa_delete": false
              }
            ],
            "website": [],
            "website_domain": null,
            "website_endpoint": null
          },
          "sensitive_attributes": [],
          "private": "eyJlMmJmYjczMC1lY2FhLTExZTYtOGY4OC0zNDM2M2JjN2M0YzAiOnsiY3JlYXRlIjoxMjAwMDAwMDAwMDAwLCJkZWxldGUiOjM2MDAwMDAwMDAwMDAsInJlYWQiOjEyMDAwMDAwMDAwMDAsInVwZGF0ZSI6MTIwMDAwMDAwMDAwMH19",
          "dependencies": [
            "random_id.suffix"
          ]
        }
      ]
    },
    {
      "mode": "managed",
      "type": "random_id",
      "name": "suffix",
      "provider": "provider[\"registry.terraform.io/hashicorp/random\"]",
      "instances": [
        {
          "schema_version": 0,
          "attributes": {
            "b64_std": "n6jpxA==",
            "b64_url": "n6jpxA",
            "byte_length": 4,
            "dec": "2678647236",
            "hex": "9fa8e9c4",
            "id": "n6jpxA",
            "keepers": null,
            "prefix": null
          },
          "sensitive_attributes": []
        }
      ]
    }
  ],
  "check_results": null
}
